
Microsoft Visual Studio Solution File, Format Version 12.00
# Visual Studio Version 17
VisualStudioVersion = 17.0.31903.59
MinimumVisualStudioVersion = 10.0.40219.1
Project("{FAE04EC0-301F-11D3-BF4B-00C04F79EFBC}") = "Lib", "src\Lib\Lib.csproj", "{86CF90AD-B286-40BF-A9CE-E37652F5C7D9}"
EndProject
Project("{FAE04EC0-301F-11D3-BF4B-00C04F79EFBC}") = "FunctionApp", "src\FunctionApp\FunctionApp.csproj", "{CF2D5078-E6F9-4A48-B3ED-6840E3D6480C}"
EndProject
Project("{FAE04EC0-301F-11D3-BF4B-00C04F79EFBC}") = "AdminConsole", "src\AdminConsole\AdminConsole.csproj", "{53325913-9B1A-46D3-8C94-93EF24702819}"
EndProject
Project("{FAE04EC0-301F-11D3-BF4B-00C04F79EFBC}") = "SmallsOnline.PasswordExpirationNotifier.sln", "SmallsOnline.PasswordExpirationNotifier.sln.props", "{1676DC1C-8AA3-4AEE-B9C6-0D261DE5E21D}"
EndProject
Project("{2150E333-8FDC-42A3-9474-1A3956D46DE8}") = "Tests", "Tests", "{370B9CA6-F4D0-40CD-8426-BA4B7D4B9D60}"
EndProject
Project("{FAE04EC0-301F-11D3-BF4B-00C04F79EFBC}") = "Tests.Lib", "src\Tests\Lib\Tests.Lib.csproj", "{F294E926-2CAC-41CD-B4C4-05B18500981E}"
EndProject
Global
	GlobalSection(SolutionConfigurationPlatforms) = preSolution
		Debug|Any CPU = Debug|Any CPU
		Release|Any CPU = Release|Any CPU
	EndGlobalSection
	GlobalSection(SolutionProperties) = preSolution
		HideSolutionNode = FALSE
	EndGlobalSection
	GlobalSection(ProjectConfigurationPlatforms) = postSolution
		{86CF90AD-B286-40BF-A9CE-E37652F5C7D9}.Debug|Any CPU.ActiveCfg = Debug|Any CPU
		{86CF90AD-B286-40BF-A9CE-E37652F5C7D9}.Debug|Any CPU.Build.0 = Debug|Any CPU
		{86CF90AD-B286-40BF-A9CE-E37652F5C7D9}.Release|Any CPU.ActiveCfg = Release|Any CPU
		{86CF90AD-B286-40BF-A9CE-E37652F5C7D9}.Release|Any CPU.Build.0 = Release|Any CPU
		{CF2D5078-E6F9-4A48-B3ED-6840E3D6480C}.Debug|Any CPU.ActiveCfg = Debug|Any CPU
		{CF2D5078-E6F9-4A48-B3ED-6840E3D6480C}.Debug|Any CPU.Build.0 = Debug|Any CPU
		{CF2D5078-E6F9-4A48-B3ED-6840E3D6480C}.Release|Any CPU.ActiveCfg = Release|Any CPU
		{CF2D5078-E6F9-4A48-B3ED-6840E3D6480C}.Release|Any CPU.Build.0 = Release|Any CPU
		{53325913-9B1A-46D3-8C94-93EF24702819}.Debug|Any CPU.ActiveCfg = Debug|Any CPU
		{53325913-9B1A-46D3-8C94-93EF24702819}.Debug|Any CPU.Build.0 = Debug|Any CPU
		{53325913-9B1A-46D3-8C94-93EF24702819}.Release|Any CPU.ActiveCfg = Release|Any CPU
		{53325913-9B1A-46D3-8C94-93EF24702819}.Release|Any CPU.Build.0 = Release|Any CPU
		{F294E926-2CAC-41CD-B4C4-05B18500981E}.Debug|Any CPU.ActiveCfg = Debug|Any CPU
		{F294E926-2CAC-41CD-B4C4-05B18500981E}.Debug|Any CPU.Build.0 = Debug|Any CPU
		{F294E926-2CAC-41CD-B4C4-05B18500981E}.Release|Any CPU.ActiveCfg = Release|Any CPU
		{F294E926-2CAC-41CD-B4C4-05B18500981E}.Release|Any CPU.Build.0 = Release|Any CPU
	EndGlobalSection
	GlobalSection(NestedProjects) = preSolution
		{F294E926-2CAC-41CD-B4C4-05B18500981E} = {370B9CA6-F4D0-40CD-8426-BA4B7D4B9D60}
	EndGlobalSection
EndGlobal
