
Microsoft Visual Studio Solution File, Format Version 12.00
# Visual Studio Version 17
VisualStudioVersion = 17.0.31903.59
MinimumVisualStudioVersion = 10.0.40219.1
Project("{FAE04EC0-301F-11D3-BF4B-00C04F79EFBC}") = "Lib", "src\Lib\Lib.csproj", "{86CF90AD-B286-40BF-A9CE-E37652F5C7D9}"
EndProject
Project("{FAE04EC0-301F-11D3-BF4B-00C04F79EFBC}") = "FunctionApp", "src\FunctionApp\FunctionApp.csproj", "{CF2D5078-E6F9-4A48-B3ED-6840E3D6480C}"
EndProject
Global
	GlobalSection(SolutionConfigurationPlatforms) = preSolution
		Debug|Any CPU = Debug|Any CPU
		Release|Any CPU = Release|Any CPU
	EndGlobalSection
	GlobalSection(SolutionProperties) = preSolution
		HideSolutionNode = FALSE
	EndGlobalSection
	GlobalSection(ProjectConfigurationPlatforms) = postSolution
		{86CF90AD-B286-40BF-A9CE-E37652F5C7D9}.Debug|Any CPU.ActiveCfg = Debug|Any CPU
		{86CF90AD-B286-40BF-A9CE-E37652F5C7D9}.Debug|Any CPU.Build.0 = Debug|Any CPU
		{86CF90AD-B286-40BF-A9CE-E37652F5C7D9}.Release|Any CPU.ActiveCfg = Release|Any CPU
		{86CF90AD-B286-40BF-A9CE-E37652F5C7D9}.Release|Any CPU.Build.0 = Release|Any CPU
		{CF2D5078-E6F9-4A48-B3ED-6840E3D6480C}.Debug|Any CPU.ActiveCfg = Debug|Any CPU
		{CF2D5078-E6F9-4A48-B3ED-6840E3D6480C}.Debug|Any CPU.Build.0 = Debug|Any CPU
		{CF2D5078-E6F9-4A48-B3ED-6840E3D6480C}.Release|Any CPU.ActiveCfg = Release|Any CPU
		{CF2D5078-E6F9-4A48-B3ED-6840E3D6480C}.Release|Any CPU.Build.0 = Release|Any CPU
	EndGlobalSection
EndGlobal
